{
    "name": "synthwave-vscode",
    "version": "0.1.20",
    "lockfileVersion": 3,
    "requires": true,
    "packages": {
        "": {
            "name": "synthwave-vscode",
            "version": "0.1.20",
            "engines": {
                "vscode": "^1.33.0"
            }
        }
    }
}
